
Microsoft Visual Studio Solution File, Format Version 12.00
# Visual Studio Version 17
VisualStudioVersion = 17.0.31717.71
MinimumVisualStudioVersion = 10.0.40219.1
Project("{8BC9CEB8-8B4A-11D0-8D11-00A0C91BC942}") = "Lab_10", "Lab_10\Lab_10.vcxproj", "{EF0C3DFE-2EFB-4CF8-8074-C749DAC11751}"
EndProject
Global
	GlobalSection(SolutionConfigurationPlatforms) = preSolution
		Debug|x64 = Debug|x64
		Debug|x86 = Debug|x86
		Release|x64 = Release|x64
		Release|x86 = Release|x86
	EndGlobalSection
	GlobalSection(ProjectConfigurationPlatforms) = postSolution
		{EF0C3DFE-2EFB-4CF8-8074-C749DAC11751}.Debug|x64.ActiveCfg = Debug|x64
		{EF0C3DFE-2EFB-4CF8-8074-C749DAC11751}.Debug|x64.Build.0 = Debug|x64
		{EF0C3DFE-2EFB-4CF8-8074-C749DAC11751}.Debug|x86.ActiveCfg = Debug|Win32
		{EF0C3DFE-2EFB-4CF8-8074-C749DAC11751}.Debug|x86.Build.0 = Debug|Win32
		{EF0C3DFE-2EFB-4CF8-8074-C749DAC11751}.Release|x64.ActiveCfg = Release|x64
		{EF0C3DFE-2EFB-4CF8-8074-C749DAC11751}.Release|x64.Build.0 = Release|x64
		{EF0C3DFE-2EFB-4CF8-8074-C749DAC11751}.Release|x86.ActiveCfg = Release|Win32
		{EF0C3DFE-2EFB-4CF8-8074-C749DAC11751}.Release|x86.Build.0 = Release|Win32
	EndGlobalSection
	GlobalSection(SolutionProperties) = preSolution
		HideSolutionNode = FALSE
	EndGlobalSection
	GlobalSection(ExtensibilityGlobals) = postSolution
		SolutionGuid = {628935AD-C0DA-4438-82D4-3818D5045C91}
	EndGlobalSection
EndGlobal
